
Microsoft Visual Studio Solution File, Format Version 12.00
# Visual Studio Version 16
VisualStudioVersion = 16.0.29102.190
MinimumVisualStudioVersion = 10.0.40219.1
Project("{9A19103F-16F7-4668-BE54-9A1E7A4F7556}") = "LocalKeyVault", "LocalKeyVault\LocalKeyVault.csproj", "{67A9FA23-F777-4168-BE55-029CA7942533}"
EndProject
Global
	GlobalSection(SolutionConfigurationPlatforms) = preSolution
		Debug|Any CPU = Debug|Any CPU
		Release|Any CPU = Release|Any CPU
	EndGlobalSection
	GlobalSection(ProjectConfigurationPlatforms) = postSolution
		{67A9FA23-F777-4168-BE55-029CA7942533}.Debug|Any CPU.ActiveCfg = Debug|Any CPU
		{67A9FA23-F777-4168-BE55-029CA7942533}.Debug|Any CPU.Build.0 = Debug|Any CPU
		{67A9FA23-F777-4168-BE55-029CA7942533}.Release|Any CPU.ActiveCfg = Release|Any CPU
		{67A9FA23-F777-4168-BE55-029CA7942533}.Release|Any CPU.Build.0 = Release|Any CPU
	EndGlobalSection
	GlobalSection(SolutionProperties) = preSolution
		HideSolutionNode = FALSE
	EndGlobalSection
	GlobalSection(ExtensibilityGlobals) = postSolution
		SolutionGuid = {B9160078-0A22-47BA-928F-E2D7B038BE37}
	EndGlobalSection
EndGlobal
